
Microsoft Visual Studio Solution File, Format Version 12.00
# Visual Studio 15
VisualStudioVersion = 15.0.27130.2024
MinimumVisualStudioVersion = 10.0.40219.1
Project("{9A19103F-16F7-4668-BE54-9A1E7A4F7556}") = "ConnectivityDemo", "ConnectivityDemo\ConnectivityDemo\ConnectivityDemo.csproj", "{50035438-8896-4B14-90D3-410793B16EE1}"
EndProject
Project("{FAE04EC0-301F-11D3-BF4B-00C04F79EFBC}") = "ConnectivityDemo.iOS", "ConnectivityDemo\ConnectivityDemo.iOS\ConnectivityDemo.iOS.csproj", "{B8AA08BD-B56A-47C3-80E2-C449ECBC43D0}"
EndProject
Project("{FAE04EC0-301F-11D3-BF4B-00C04F79EFBC}") = "ConnectivityDemo.Android", "ConnectivityDemo\ConnectivityDemo.Android\ConnectivityDemo.Android.csproj", "{4FB94E4B-4ACC-456C-88B2-B833FE311113}"
EndProject
Project("{FAE04EC0-301F-11D3-BF4B-00C04F79EFBC}") = "ConnectivityDemo.UWP", "ConnectivityDemo\ConnectivityDemo.UWP\ConnectivityDemo.UWP.csproj", "{4A66DA97-55FB-4EBF-9E9A-DB9EBAC6EF32}"
EndProject
Global
	GlobalSection(SolutionConfigurationPlatforms) = preSolution
		Ad-Hoc|Any CPU = Ad-Hoc|Any CPU
		Ad-Hoc|ARM = Ad-Hoc|ARM
		Ad-Hoc|iPhone = Ad-Hoc|iPhone
		Ad-Hoc|iPhoneSimulator = Ad-Hoc|iPhoneSimulator
		Ad-Hoc|x64 = Ad-Hoc|x64
		Ad-Hoc|x86 = Ad-Hoc|x86
		AppStore|Any CPU = AppStore|Any CPU
		AppStore|ARM = AppStore|ARM
		AppStore|iPhone = AppStore|iPhone
		AppStore|iPhoneSimulator = AppStore|iPhoneSimulator
		AppStore|x64 = AppStore|x64
		AppStore|x86 = AppStore|x86
		Debug|Any CPU = Debug|Any CPU
		Debug|ARM = Debug|ARM
		Debug|iPhone = Debug|iPhone
		Debug|iPhoneSimulator = Debug|iPhoneSimulator
		Debug|x64 = Debug|x64
		Debug|x86 = Debug|x86
		Release|Any CPU = Release|Any CPU
		Release|ARM = Release|ARM
		Release|iPhone = Release|iPhone
		Release|iPhoneSimulator = Release|iPhoneSimulator
		Release|x64 = Release|x64
		Release|x86 = Release|x86
	EndGlobalSection
	GlobalSection(ProjectConfigurationPlatforms) = postSolution
		{50035438-8896-4B14-90D3-410793B16EE1}.Ad-Hoc|Any CPU.ActiveCfg = Debug|Any CPU
		{50035438-8896-4B14-90D3-410793B16EE1}.Ad-Hoc|Any CPU.Build.0 = Debug|Any CPU
		{50035438-8896-4B14-90D3-410793B16EE1}.Ad-Hoc|ARM.ActiveCfg = Debug|Any CPU
		{50035438-8896-4B14-90D3-410793B16EE1}.Ad-Hoc|ARM.Build.0 = Debug|Any CPU
		{50035438-8896-4B14-90D3-410793B16EE1}.Ad-Hoc|iPhone.ActiveCfg = Debug|Any CPU
		{50035438-8896-4B14-90D3-410793B16EE1}.Ad-Hoc|iPhone.Build.0 = Debug|Any CPU
		{50035438-8896-4B14-90D3-410793B16EE1}.Ad-Hoc|iPhoneSimulator.ActiveCfg = Debug|Any CPU
		{50035438-8896-4B14-90D3-410793B16EE1}.Ad-Hoc|iPhoneSimulator.Build.0 = Debug|Any CPU
		{50035438-8896-4B14-90D3-410793B16EE1}.Ad-Hoc|x64.ActiveCfg = Debug|Any CPU
		{50035438-8896-4B14-90D3-410793B16EE1}.Ad-Hoc|x64.Build.0 = Debug|Any CPU
		{50035438-8896-4B14-90D3-410793B16EE1}.Ad-Hoc|x86.ActiveCfg = Debug|Any CPU
		{50035438-8896-4B14-90D3-410793B16EE1}.Ad-Hoc|x86.Build.0 = Debug|Any CPU
		{50035438-8896-4B14-90D3-410793B16EE1}.AppStore|Any CPU.ActiveCfg = Debug|Any CPU
		{50035438-8896-4B14-90D3-410793B16EE1}.AppStore|Any CPU.Build.0 = Debug|Any CPU
		{50035438-8896-4B14-90D3-410793B16EE1}.AppStore|ARM.ActiveCfg = Debug|Any CPU
		{50035438-8896-4B14-90D3-410793B16EE1}.AppStore|ARM.Build.0 = Debug|Any CPU
		{50035438-8896-4B14-90D3-410793B16EE1}.AppStore|iPhone.ActiveCfg = Debug|Any CPU
		{50035438-8896-4B14-90D3-410793B16EE1}.AppStore|iPhone.Build.0 = Debug|Any CPU
		{50035438-8896-4B14-90D3-410793B16EE1}.AppStore|iPhoneSimulator.ActiveCfg = Debug|Any CPU
		{50035438-8896-4B14-90D3-410793B16EE1}.AppStore|iPhoneSimulator.Build.0 = Debug|Any CPU
		{50035438-8896-4B14-90D3-410793B16EE1}.AppStore|x64.ActiveCfg = Debug|Any CPU
		{50035438-8896-4B14-90D3-410793B16EE1}.AppStore|x64.Build.0 = Debug|Any CPU
		{50035438-8896-4B14-90D3-410793B16EE1}.AppStore|x86.ActiveCfg = Debug|Any CPU
		{50035438-8896-4B14-90D3-410793B16EE1}.AppStore|x86.Build.0 = Debug|Any CPU
		{50035438-8896-4B14-90D3-410793B16EE1}.Debug|Any CPU.ActiveCfg = Debug|Any CPU
		{50035438-8896-4B14-90D3-410793B16EE1}.Debug|Any CPU.Build.0 = Debug|Any CPU
		{50035438-8896-4B14-90D3-410793B16EE1}.Debug|ARM.ActiveCfg = Debug|Any CPU
		{50035438-8896-4B14-90D3-410793B16EE1}.Debug|ARM.Build.0 = Debug|Any CPU
		{50035438-8896-4B14-90D3-410793B16EE1}.Debug|iPhone.ActiveCfg = Debug|Any CPU
		{50035438-8896-4B14-90D3-410793B16EE1}.Debug|iPhone.Build.0 = Debug|Any CPU
		{50035438-8896-4B14-90D3-410793B16EE1}.Debug|iPhoneSimulator.ActiveCfg = Debug|Any CPU
		{50035438-8896-4B14-90D3-410793B16EE1}.Debug|iPhoneSimulator.Build.0 = Debug|Any CPU
		{50035438-8896-4B14-90D3-410793B16EE1}.Debug|x64.ActiveCfg = Debug|Any CPU
		{50035438-8896-4B14-90D3-410793B16EE1}.Debug|x64.Build.0 = Debug|Any CPU
		{50035438-8896-4B14-90D3-410793B16EE1}.Debug|x86.ActiveCfg = Debug|Any CPU
		{50035438-8896-4B14-90D3-410793B16EE1}.Debug|x86.Build.0 = Debug|Any CPU
		{50035438-8896-4B14-90D3-410793B16EE1}.Release|Any CPU.ActiveCfg = Release|Any CPU
		{50035438-8896-4B14-90D3-410793B16EE1}.Release|Any CPU.Build.0 = Release|Any CPU
		{50035438-8896-4B14-90D3-410793B16EE1}.Release|ARM.ActiveCfg = Release|Any CPU
		{50035438-8896-4B14-90D3-410793B16EE1}.Release|ARM.Build.0 = Release|Any CPU
		{50035438-8896-4B14-90D3-410793B16EE1}.Release|iPhone.ActiveCfg = Release|Any CPU
		{50035438-8896-4B14-90D3-410793B16EE1}.Release|iPhone.Build.0 = Release|Any CPU
		{50035438-8896-4B14-90D3-410793B16EE1}.Release|iPhoneSimulator.ActiveCfg = Release|Any CPU
		{50035438-8896-4B14-90D3-410793B16EE1}.Release|iPhoneSimulator.Build.0 = Release|Any CPU
		{50035438-8896-4B14-90D3-410793B16EE1}.Release|x64.ActiveCfg = Release|Any CPU
		{50035438-8896-4B14-90D3-410793B16EE1}.Release|x64.Build.0 = Release|Any CPU
		{50035438-8896-4B14-90D3-410793B16EE1}.Release|x86.ActiveCfg = Release|Any CPU
		{50035438-8896-4B14-90D3-410793B16EE1}.Release|x86.Build.0 = Release|Any CPU
		{B8AA08BD-B56A-47C3-80E2-C449ECBC43D0}.Ad-Hoc|Any CPU.ActiveCfg = Ad-Hoc|iPhone
		{B8AA08BD-B56A-47C3-80E2-C449ECBC43D0}.Ad-Hoc|ARM.ActiveCfg = Ad-Hoc|iPhone
		{B8AA08BD-B56A-47C3-80E2-C449ECBC43D0}.Ad-Hoc|iPhone.ActiveCfg = Ad-Hoc|iPhone
		{B8AA08BD-B56A-47C3-80E2-C449ECBC43D0}.Ad-Hoc|iPhone.Build.0 = Ad-Hoc|iPhone
		{B8AA08BD-B56A-47C3-80E2-C449ECBC43D0}.Ad-Hoc|iPhoneSimulator.ActiveCfg = Ad-Hoc|iPhoneSimulator
		{B8AA08BD-B56A-47C3-80E2-C449ECBC43D0}.Ad-Hoc|iPhoneSimulator.Build.0 = Ad-Hoc|iPhoneSimulator
		{B8AA08BD-B56A-47C3-80E2-C449ECBC43D0}.Ad-Hoc|x64.ActiveCfg = Ad-Hoc|iPhone
		{B8AA08BD-B56A-47C3-80E2-C449ECBC43D0}.Ad-Hoc|x86.ActiveCfg = Ad-Hoc|iPhone
		{B8AA08BD-B56A-47C3-80E2-C449ECBC43D0}.AppStore|Any CPU.ActiveCfg = AppStore|iPhone
		{B8AA08BD-B56A-47C3-80E2-C449ECBC43D0}.AppStore|ARM.ActiveCfg = AppStore|iPhone
		{B8AA08BD-B56A-47C3-80E2-C449ECBC43D0}.AppStore|iPhone.ActiveCfg = AppStore|iPhone
		{B8AA08BD-B56A-47C3-80E2-C449ECBC43D0}.AppStore|iPhone.Build.0 = AppStore|iPhone
		{B8AA08BD-B56A-47C3-80E2-C449ECBC43D0}.AppStore|iPhoneSimulator.ActiveCfg = AppStore|iPhoneSimulator
		{B8AA08BD-B56A-47C3-80E2-C449ECBC43D0}.AppStore|iPhoneSimulator.Build.0 = AppStore|iPhoneSimulator
		{B8AA08BD-B56A-47C3-80E2-C449ECBC43D0}.AppStore|x64.ActiveCfg = AppStore|iPhone
		{B8AA08BD-B56A-47C3-80E2-C449ECBC43D0}.AppStore|x86.ActiveCfg = AppStore|iPhone
		{B8AA08BD-B56A-47C3-80E2-C449ECBC43D0}.Debug|Any CPU.ActiveCfg = Debug|iPhone
		{B8AA08BD-B56A-47C3-80E2-C449ECBC43D0}.Debug|ARM.ActiveCfg = Debug|iPhone
		{B8AA08BD-B56A-47C3-80E2-C449ECBC43D0}.Debug|iPhone.ActiveCfg = Debug|iPhone
		{B8AA08BD-B56A-47C3-80E2-C449ECBC43D0}.Debug|iPhone.Build.0 = Debug|iPhone
		{B8AA08BD-B56A-47C3-80E2-C449ECBC43D0}.Debug|iPhoneSimulator.ActiveCfg = Debug|iPhoneSimulator
		{B8AA08BD-B56A-47C3-80E2-C449ECBC43D0}.Debug|iPhoneSimulator.Build.0 = Debug|iPhoneSimulator
		{B8AA08BD-B56A-47C3-80E2-C449ECBC43D0}.Debug|x64.ActiveCfg = Debug|iPhone
		{B8AA08BD-B56A-47C3-80E2-C449ECBC43D0}.Debug|x86.ActiveCfg = Debug|iPhone
		{B8AA08BD-B56A-47C3-80E2-C449ECBC43D0}.Release|Any CPU.ActiveCfg = Release|iPhone
		{B8AA08BD-B56A-47C3-80E2-C449ECBC43D0}.Release|ARM.ActiveCfg = Release|iPhone
		{B8AA08BD-B56A-47C3-80E2-C449ECBC43D0}.Release|iPhone.ActiveCfg = Release|iPhone
		{B8AA08BD-B56A-47C3-80E2-C449ECBC43D0}.Release|iPhone.Build.0 = Release|iPhone
		{B8AA08BD-B56A-47C3-80E2-C449ECBC43D0}.Release|iPhoneSimulator.ActiveCfg = Release|iPhoneSimulator
		{B8AA08BD-B56A-47C3-80E2-C449ECBC43D0}.Release|iPhoneSimulator.Build.0 = Release|iPhoneSimulator
		{B8AA08BD-B56A-47C3-80E2-C449ECBC43D0}.Release|x64.ActiveCfg = Release|iPhone
		{B8AA08BD-B56A-47C3-80E2-C449ECBC43D0}.Release|x86.ActiveCfg = Release|iPhone
		{4FB94E4B-4ACC-456C-88B2-B833FE311113}.Ad-Hoc|Any CPU.ActiveCfg = Release|Any CPU
		{4FB94E4B-4ACC-456C-88B2-B833FE311113}.Ad-Hoc|Any CPU.Build.0 = Release|Any CPU
		{4FB94E4B-4ACC-456C-88B2-B833FE311113}.Ad-Hoc|Any CPU.Deploy.0 = Release|Any CPU
		{4FB94E4B-4ACC-456C-88B2-B833FE311113}.Ad-Hoc|ARM.ActiveCfg = Release|Any CPU
		{4FB94E4B-4ACC-456C-88B2-B833FE311113}.Ad-Hoc|ARM.Build.0 = Release|Any CPU
		{4FB94E4B-4ACC-456C-88B2-B833FE311113}.Ad-Hoc|ARM.Deploy.0 = Release|Any CPU
		{4FB94E4B-4ACC-456C-88B2-B833FE311113}.Ad-Hoc|iPhone.ActiveCfg = Release|Any CPU
		{4FB94E4B-4ACC-456C-88B2-B833FE311113}.Ad-Hoc|iPhone.Build.0 = Release|Any CPU
		{4FB94E4B-4ACC-456C-88B2-B833FE311113}.Ad-Hoc|iPhone.Deploy.0 = Release|Any CPU
		{4FB94E4B-4ACC-456C-88B2-B833FE311113}.Ad-Hoc|iPhoneSimulator.ActiveCfg = Release|Any CPU
		{4FB94E4B-4ACC-456C-88B2-B833FE311113}.Ad-Hoc|iPhoneSimulator.Build.0 = Release|Any CPU
		{4FB94E4B-4ACC-456C-88B2-B833FE311113}.Ad-Hoc|iPhoneSimulator.Deploy.0 = Release|Any CPU
		{4FB94E4B-4ACC-456C-88B2-B833FE311113}.Ad-Hoc|x64.ActiveCfg = Release|Any CPU
		{4FB94E4B-4ACC-456C-88B2-B833FE311113}.Ad-Hoc|x64.Build.0 = Release|Any CPU
		{4FB94E4B-4ACC-456C-88B2-B833FE311113}.Ad-Hoc|x64.Deploy.0 = Release|Any CPU
		{4FB94E4B-4ACC-456C-88B2-B833FE311113}.Ad-Hoc|x86.ActiveCfg = Release|Any CPU
		{4FB94E4B-4ACC-456C-88B2-B833FE311113}.Ad-Hoc|x86.Build.0 = Release|Any CPU
		{4FB94E4B-4ACC-456C-88B2-B833FE311113}.Ad-Hoc|x86.Deploy.0 = Release|Any CPU
		{4FB94E4B-4ACC-456C-88B2-B833FE311113}.AppStore|Any CPU.ActiveCfg = Release|Any CPU
		{4FB94E4B-4ACC-456C-88B2-B833FE311113}.AppStore|Any CPU.Build.0 = Release|Any CPU
		{4FB94E4B-4ACC-456C-88B2-B833FE311113}.AppStore|Any CPU.Deploy.0 = Release|Any CPU
		{4FB94E4B-4ACC-456C-88B2-B833FE311113}.AppStore|ARM.ActiveCfg = Release|Any CPU
		{4FB94E4B-4ACC-456C-88B2-B833FE311113}.AppStore|ARM.Build.0 = Release|Any CPU
		{4FB94E4B-4ACC-456C-88B2-B833FE311113}.AppStore|ARM.Deploy.0 = Release|Any CPU
		{4FB94E4B-4ACC-456C-88B2-B833FE311113}.AppStore|iPhone.ActiveCfg = Release|Any CPU
		{4FB94E4B-4ACC-456C-88B2-B833FE311113}.AppStore|iPhone.Build.0 = Release|Any CPU
		{4FB94E4B-4ACC-456C-88B2-B833FE311113}.AppStore|iPhone.Deploy.0 = Release|Any CPU
		{4FB94E4B-4ACC-456C-88B2-B833FE311113}.AppStore|iPhoneSimulator.ActiveCfg = Release|Any CPU
		{4FB94E4B-4ACC-456C-88B2-B833FE311113}.AppStore|iPhoneSimulator.Build.0 = Release|Any CPU
		{4FB94E4B-4ACC-456C-88B2-B833FE311113}.AppStore|iPhoneSimulator.Deploy.0 = Release|Any CPU
		{4FB94E4B-4ACC-456C-88B2-B833FE311113}.AppStore|x64.ActiveCfg = Release|Any CPU
		{4FB94E4B-4ACC-456C-88B2-B833FE311113}.AppStore|x64.Build.0 = Release|Any CPU
		{4FB94E4B-4ACC-456C-88B2-B833FE311113}.AppStore|x64.Deploy.0 = Release|Any CPU
		{4FB94E4B-4ACC-456C-88B2-B833FE311113}.AppStore|x86.ActiveCfg = Release|Any CPU
		{4FB94E4B-4ACC-456C-88B2-B833FE311113}.AppStore|x86.Build.0 = Release|Any CPU
		{4FB94E4B-4ACC-456C-88B2-B833FE311113}.AppStore|x86.Deploy.0 = Release|Any CPU
		{4FB94E4B-4ACC-456C-88B2-B833FE311113}.Debug|Any CPU.ActiveCfg = Debug|Any CPU
		{4FB94E4B-4ACC-456C-88B2-B833FE311113}.Debug|Any CPU.Build.0 = Debug|Any CPU
		{4FB94E4B-4ACC-456C-88B2-B833FE311113}.Debug|Any CPU.Deploy.0 = Debug|Any CPU
		{4FB94E4B-4ACC-456C-88B2-B833FE311113}.Debug|ARM.ActiveCfg = Debug|Any CPU
		{4FB94E4B-4ACC-456C-88B2-B833FE311113}.Debug|ARM.Build.0 = Debug|Any CPU
		{4FB94E4B-4ACC-456C-88B2-B833FE311113}.Debug|ARM.Deploy.0 = Debug|Any CPU
		{4FB94E4B-4ACC-456C-88B2-B833FE311113}.Debug|iPhone.ActiveCfg = Debug|Any CPU
		{4FB94E4B-4ACC-456C-88B2-B833FE311113}.Debug|iPhone.Build.0 = Debug|Any CPU
		{4FB94E4B-4ACC-456C-88B2-B833FE311113}.Debug|iPhone.Deploy.0 = Debug|Any CPU
		{4FB94E4B-4ACC-456C-88B2-B833FE311113}.Debug|iPhoneSimulator.ActiveCfg = Debug|Any CPU
		{4FB94E4B-4ACC-456C-88B2-B833FE311113}.Debug|iPhoneSimulator.Build.0 = Debug|Any CPU
		{4FB94E4B-4ACC-456C-88B2-B833FE311113}.Debug|iPhoneSimulator.Deploy.0 = Debug|Any CPU
		{4FB94E4B-4ACC-456C-88B2-B833FE311113}.Debug|x64.ActiveCfg = Debug|Any CPU
		{4FB94E4B-4ACC-456C-88B2-B833FE311113}.Debug|x64.Build.0 = Debug|Any CPU
		{4FB94E4B-4ACC-456C-88B2-B833FE311113}.Debug|x64.Deploy.0 = Debug|Any CPU
		{4FB94E4B-4ACC-456C-88B2-B833FE311113}.Debug|x86.ActiveCfg = Debug|Any CPU
		{4FB94E4B-4ACC-456C-88B2-B833FE311113}.Debug|x86.Build.0 = Debug|Any CPU
		{4FB94E4B-4ACC-456C-88B2-B833FE311113}.Debug|x86.Deploy.0 = Debug|Any CPU
		{4FB94E4B-4ACC-456C-88B2-B833FE311113}.Release|Any CPU.ActiveCfg = Release|Any CPU
		{4FB94E4B-4ACC-456C-88B2-B833FE311113}.Release|Any CPU.Build.0 = Release|Any CPU
		{4FB94E4B-4ACC-456C-88B2-B833FE311113}.Release|Any CPU.Deploy.0 = Release|Any CPU
		{4FB94E4B-4ACC-456C-88B2-B833FE311113}.Release|ARM.ActiveCfg = Release|Any CPU
		{4FB94E4B-4ACC-456C-88B2-B833FE311113}.Release|ARM.Build.0 = Release|Any CPU
		{4FB94E4B-4ACC-456C-88B2-B833FE311113}.Release|ARM.Deploy.0 = Release|Any CPU
		{4FB94E4B-4ACC-456C-88B2-B833FE311113}.Release|iPhone.ActiveCfg = Release|Any CPU
		{4FB94E4B-4ACC-456C-88B2-B833FE311113}.Release|iPhone.Build.0 = Release|Any CPU
		{4FB94E4B-4ACC-456C-88B2-B833FE311113}.Release|iPhone.Deploy.0 = Release|Any CPU
		{4FB94E4B-4ACC-456C-88B2-B833FE311113}.Release|iPhoneSimulator.ActiveCfg = Release|Any CPU
		{4FB94E4B-4ACC-456C-88B2-B833FE311113}.Release|iPhoneSimulator.Build.0 = Release|Any CPU
		{4FB94E4B-4ACC-456C-88B2-B833FE311113}.Release|iPhoneSimulator.Deploy.0 = Release|Any CPU
		{4FB94E4B-4ACC-456C-88B2-B833FE311113}.Release|x64.ActiveCfg = Release|Any CPU
		{4FB94E4B-4ACC-456C-88B2-B833FE311113}.Release|x64.Build.0 = Release|Any CPU
		{4FB94E4B-4ACC-456C-88B2-B833FE311113}.Release|x64.Deploy.0 = Release|Any CPU
		{4FB94E4B-4ACC-456C-88B2-B833FE311113}.Release|x86.ActiveCfg = Release|Any CPU
		{4FB94E4B-4ACC-456C-88B2-B833FE311113}.Release|x86.Build.0 = Release|Any CPU
		{4FB94E4B-4ACC-456C-88B2-B833FE311113}.Release|x86.Deploy.0 = Release|Any CPU
		{4A66DA97-55FB-4EBF-9E9A-DB9EBAC6EF32}.Ad-Hoc|Any CPU.ActiveCfg = Release|x86
		{4A66DA97-55FB-4EBF-9E9A-DB9EBAC6EF32}.Ad-Hoc|Any CPU.Build.0 = Release|x86
		{4A66DA97-55FB-4EBF-9E9A-DB9EBAC6EF32}.Ad-Hoc|Any CPU.Deploy.0 = Release|x86
		{4A66DA97-55FB-4EBF-9E9A-DB9EBAC6EF32}.Ad-Hoc|ARM.ActiveCfg = Release|ARM
		{4A66DA97-55FB-4EBF-9E9A-DB9EBAC6EF32}.Ad-Hoc|ARM.Build.0 = Release|ARM
		{4A66DA97-55FB-4EBF-9E9A-DB9EBAC6EF32}.Ad-Hoc|ARM.Deploy.0 = Release|ARM
		{4A66DA97-55FB-4EBF-9E9A-DB9EBAC6EF32}.Ad-Hoc|iPhone.ActiveCfg = Release|x86
		{4A66DA97-55FB-4EBF-9E9A-DB9EBAC6EF32}.Ad-Hoc|iPhone.Build.0 = Release|x86
		{4A66DA97-55FB-4EBF-9E9A-DB9EBAC6EF32}.Ad-Hoc|iPhone.Deploy.0 = Release|x86
		{4A66DA97-55FB-4EBF-9E9A-DB9EBAC6EF32}.Ad-Hoc|iPhoneSimulator.ActiveCfg = Release|x86
		{4A66DA97-55FB-4EBF-9E9A-DB9EBAC6EF32}.Ad-Hoc|iPhoneSimulator.Build.0 = Release|x86
		{4A66DA97-55FB-4EBF-9E9A-DB9EBAC6EF32}.Ad-Hoc|iPhoneSimulator.Deploy.0 = Release|x86
		{4A66DA97-55FB-4EBF-9E9A-DB9EBAC6EF32}.Ad-Hoc|x64.ActiveCfg = Release|x64
		{4A66DA97-55FB-4EBF-9E9A-DB9EBAC6EF32}.Ad-Hoc|x64.Build.0 = Release|x64
		{4A66DA97-55FB-4EBF-9E9A-DB9EBAC6EF32}.Ad-Hoc|x64.Deploy.0 = Release|x64
		{4A66DA97-55FB-4EBF-9E9A-DB9EBAC6EF32}.Ad-Hoc|x86.ActiveCfg = Release|x86
		{4A66DA97-55FB-4EBF-9E9A-DB9EBAC6EF32}.Ad-Hoc|x86.Build.0 = Release|x86
		{4A66DA97-55FB-4EBF-9E9A-DB9EBAC6EF32}.Ad-Hoc|x86.Deploy.0 = Release|x86
		{4A66DA97-55FB-4EBF-9E9A-DB9EBAC6EF32}.AppStore|Any CPU.ActiveCfg = Release|x86
		{4A66DA97-55FB-4EBF-9E9A-DB9EBAC6EF32}.AppStore|Any CPU.Build.0 = Release|x86
		{4A66DA97-55FB-4EBF-9E9A-DB9EBAC6EF32}.AppStore|Any CPU.Deploy.0 = Release|x86
		{4A66DA97-55FB-4EBF-9E9A-DB9EBAC6EF32}.AppStore|ARM.ActiveCfg = Release|ARM
		{4A66DA97-55FB-4EBF-9E9A-DB9EBAC6EF32}.AppStore|ARM.Build.0 = Release|ARM
		{4A66DA97-55FB-4EBF-9E9A-DB9EBAC6EF32}.AppStore|ARM.Deploy.0 = Release|ARM
		{4A66DA97-55FB-4EBF-9E9A-DB9EBAC6EF32}.AppStore|iPhone.ActiveCfg = Release|x86
		{4A66DA97-55FB-4EBF-9E9A-DB9EBAC6EF32}.AppStore|iPhone.Build.0 = Release|x86
		{4A66DA97-55FB-4EBF-9E9A-DB9EBAC6EF32}.AppStore|iPhone.Deploy.0 = Release|x86
		{4A66DA97-55FB-4EBF-9E9A-DB9EBAC6EF32}.AppStore|iPhoneSimulator.ActiveCfg = Release|x86
		{4A66DA97-55FB-4EBF-9E9A-DB9EBAC6EF32}.AppStore|iPhoneSimulator.Build.0 = Release|x86
		{4A66DA97-55FB-4EBF-9E9A-DB9EBAC6EF32}.AppStore|iPhoneSimulator.Deploy.0 = Release|x86
		{4A66DA97-55FB-4EBF-9E9A-DB9EBAC6EF32}.AppStore|x64.ActiveCfg = Release|x64
		{4A66DA97-55FB-4EBF-9E9A-DB9EBAC6EF32}.AppStore|x64.Build.0 = Release|x64
		{4A66DA97-55FB-4EBF-9E9A-DB9EBAC6EF32}.AppStore|x64.Deploy.0 = Release|x64
		{4A66DA97-55FB-4EBF-9E9A-DB9EBAC6EF32}.AppStore|x86.ActiveCfg = Release|x86
		{4A66DA97-55FB-4EBF-9E9A-DB9EBAC6EF32}.AppStore|x86.Build.0 = Release|x86
		{4A66DA97-55FB-4EBF-9E9A-DB9EBAC6EF32}.AppStore|x86.Deploy.0 = Release|x86
		{4A66DA97-55FB-4EBF-9E9A-DB9EBAC6EF32}.Debug|Any CPU.ActiveCfg = Debug|x86
		{4A66DA97-55FB-4EBF-9E9A-DB9EBAC6EF32}.Debug|ARM.ActiveCfg = Debug|ARM
		{4A66DA97-55FB-4EBF-9E9A-DB9EBAC6EF32}.Debug|ARM.Build.0 = Debug|ARM
		{4A66DA97-55FB-4EBF-9E9A-DB9EBAC6EF32}.Debug|ARM.Deploy.0 = Debug|ARM
		{4A66DA97-55FB-4EBF-9E9A-DB9EBAC6EF32}.Debug|iPhone.ActiveCfg = Debug|x86
		{4A66DA97-55FB-4EBF-9E9A-DB9EBAC6EF32}.Debug|iPhoneSimulator.ActiveCfg = Debug|x86
		{4A66DA97-55FB-4EBF-9E9A-DB9EBAC6EF32}.Debug|x64.ActiveCfg = Debug|x64
		{4A66DA97-55FB-4EBF-9E9A-DB9EBAC6EF32}.Debug|x64.Build.0 = Debug|x64
		{4A66DA97-55FB-4EBF-9E9A-DB9EBAC6EF32}.Debug|x64.Deploy.0 = Debug|x64
		{4A66DA97-55FB-4EBF-9E9A-DB9EBAC6EF32}.Debug|x86.ActiveCfg = Debug|x86
		{4A66DA97-55FB-4EBF-9E9A-DB9EBAC6EF32}.Debug|x86.Build.0 = Debug|x86
		{4A66DA97-55FB-4EBF-9E9A-DB9EBAC6EF32}.Debug|x86.Deploy.0 = Debug|x86
		{4A66DA97-55FB-4EBF-9E9A-DB9EBAC6EF32}.Release|Any CPU.ActiveCfg = Release|x86
		{4A66DA97-55FB-4EBF-9E9A-DB9EBAC6EF32}.Release|ARM.ActiveCfg = Release|ARM
		{4A66DA97-55FB-4EBF-9E9A-DB9EBAC6EF32}.Release|ARM.Build.0 = Release|ARM
		{4A66DA97-55FB-4EBF-9E9A-DB9EBAC6EF32}.Release|ARM.Deploy.0 = Release|ARM
		{4A66DA97-55FB-4EBF-9E9A-DB9EBAC6EF32}.Release|iPhone.ActiveCfg = Release|x86
		{4A66DA97-55FB-4EBF-9E9A-DB9EBAC6EF32}.Release|iPhoneSimulator.ActiveCfg = Release|x86
		{4A66DA97-55FB-4EBF-9E9A-DB9EBAC6EF32}.Release|x64.ActiveCfg = Release|x64
		{4A66DA97-55FB-4EBF-9E9A-DB9EBAC6EF32}.Release|x64.Build.0 = Release|x64
		{4A66DA97-55FB-4EBF-9E9A-DB9EBAC6EF32}.Release|x64.Deploy.0 = Release|x64
		{4A66DA97-55FB-4EBF-9E9A-DB9EBAC6EF32}.Release|x86.ActiveCfg = Release|x86
		{4A66DA97-55FB-4EBF-9E9A-DB9EBAC6EF32}.Release|x86.Build.0 = Release|x86
		{4A66DA97-55FB-4EBF-9E9A-DB9EBAC6EF32}.Release|x86.Deploy.0 = Release|x86
	EndGlobalSection
	GlobalSection(SolutionProperties) = preSolution
		HideSolutionNode = FALSE
	EndGlobalSection
	GlobalSection(ExtensibilityGlobals) = postSolution
		SolutionGuid = {F6D05029-56B8-4E45-AF2D-0E76295DDBA2}
	EndGlobalSection
EndGlobal
