
Microsoft Visual Studio Solution File, Format Version 12.00
# Visual Studio 15
VisualStudioVersion = 15.0.27130.2024
MinimumVisualStudioVersion = 10.0.40219.1
Project("{FAE04EC0-301F-11D3-BF4B-00C04F79EFBC}") = "Xamarin-ConnectivityPluginDemo.Android", "Xamarin-ConnectivityPluginDemo\Xamarin-ConnectivityPluginDemo.Android\Xamarin-ConnectivityPluginDemo.Android.csproj", "{FF1777EE-DA0C-414C-9594-6933074FA518}"
EndProject
Project("{FAE04EC0-301F-11D3-BF4B-00C04F79EFBC}") = "Xamarin-ConnectivityPluginDemo.iOS", "Xamarin-ConnectivityPluginDemo\Xamarin-ConnectivityPluginDemo.iOS\Xamarin-ConnectivityPluginDemo.iOS.csproj", "{8B810C2D-475F-42E2-9856-047C7044F002}"
EndProject
Project("{FAE04EC0-301F-11D3-BF4B-00C04F79EFBC}") = "Xamarin-ConnectivityPluginDemo.UWP", "Xamarin-ConnectivityPluginDemo\Xamarin-ConnectivityPluginDemo.UWP\Xamarin-ConnectivityPluginDemo.UWP.csproj", "{DDF8F262-EB71-4276-8B67-987EB99EA771}"
EndProject
Project("{FAE04EC0-301F-11D3-BF4B-00C04F79EFBC}") = "Xamarin-ConnectivityPluginDemo", "Xamarin-ConnectivityPluginDemo\Xamarin-ConnectivityPluginDemo\Xamarin-ConnectivityPluginDemo.csproj", "{F7D02BBB-431E-4B4F-82F0-49A3D429F2EA}"
EndProject
Global
	GlobalSection(SolutionConfigurationPlatforms) = preSolution
		Ad-Hoc|Any CPU = Ad-Hoc|Any CPU
		Ad-Hoc|ARM = Ad-Hoc|ARM
		Ad-Hoc|iPhone = Ad-Hoc|iPhone
		Ad-Hoc|iPhoneSimulator = Ad-Hoc|iPhoneSimulator
		Ad-Hoc|x64 = Ad-Hoc|x64
		Ad-Hoc|x86 = Ad-Hoc|x86
		AppStore|Any CPU = AppStore|Any CPU
		AppStore|ARM = AppStore|ARM
		AppStore|iPhone = AppStore|iPhone
		AppStore|iPhoneSimulator = AppStore|iPhoneSimulator
		AppStore|x64 = AppStore|x64
		AppStore|x86 = AppStore|x86
		Debug|Any CPU = Debug|Any CPU
		Debug|ARM = Debug|ARM
		Debug|iPhone = Debug|iPhone
		Debug|iPhoneSimulator = Debug|iPhoneSimulator
		Debug|x64 = Debug|x64
		Debug|x86 = Debug|x86
		Release|Any CPU = Release|Any CPU
		Release|ARM = Release|ARM
		Release|iPhone = Release|iPhone
		Release|iPhoneSimulator = Release|iPhoneSimulator
		Release|x64 = Release|x64
		Release|x86 = Release|x86
	EndGlobalSection
	GlobalSection(ProjectConfigurationPlatforms) = postSolution
		{FF1777EE-DA0C-414C-9594-6933074FA518}.Ad-Hoc|Any CPU.ActiveCfg = Release|Any CPU
		{FF1777EE-DA0C-414C-9594-6933074FA518}.Ad-Hoc|Any CPU.Build.0 = Release|Any CPU
		{FF1777EE-DA0C-414C-9594-6933074FA518}.Ad-Hoc|Any CPU.Deploy.0 = Release|Any CPU
		{FF1777EE-DA0C-414C-9594-6933074FA518}.Ad-Hoc|ARM.ActiveCfg = Release|Any CPU
		{FF1777EE-DA0C-414C-9594-6933074FA518}.Ad-Hoc|ARM.Build.0 = Release|Any CPU
		{FF1777EE-DA0C-414C-9594-6933074FA518}.Ad-Hoc|ARM.Deploy.0 = Release|Any CPU
		{FF1777EE-DA0C-414C-9594-6933074FA518}.Ad-Hoc|iPhone.ActiveCfg = Release|Any CPU
		{FF1777EE-DA0C-414C-9594-6933074FA518}.Ad-Hoc|iPhone.Build.0 = Release|Any CPU
		{FF1777EE-DA0C-414C-9594-6933074FA518}.Ad-Hoc|iPhone.Deploy.0 = Release|Any CPU
		{FF1777EE-DA0C-414C-9594-6933074FA518}.Ad-Hoc|iPhoneSimulator.ActiveCfg = Release|Any CPU
		{FF1777EE-DA0C-414C-9594-6933074FA518}.Ad-Hoc|iPhoneSimulator.Build.0 = Release|Any CPU
		{FF1777EE-DA0C-414C-9594-6933074FA518}.Ad-Hoc|iPhoneSimulator.Deploy.0 = Release|Any CPU
		{FF1777EE-DA0C-414C-9594-6933074FA518}.Ad-Hoc|x64.ActiveCfg = Release|Any CPU
		{FF1777EE-DA0C-414C-9594-6933074FA518}.Ad-Hoc|x64.Build.0 = Release|Any CPU
		{FF1777EE-DA0C-414C-9594-6933074FA518}.Ad-Hoc|x64.Deploy.0 = Release|Any CPU
		{FF1777EE-DA0C-414C-9594-6933074FA518}.Ad-Hoc|x86.ActiveCfg = Release|Any CPU
		{FF1777EE-DA0C-414C-9594-6933074FA518}.Ad-Hoc|x86.Build.0 = Release|Any CPU
		{FF1777EE-DA0C-414C-9594-6933074FA518}.Ad-Hoc|x86.Deploy.0 = Release|Any CPU
		{FF1777EE-DA0C-414C-9594-6933074FA518}.AppStore|Any CPU.ActiveCfg = Release|Any CPU
		{FF1777EE-DA0C-414C-9594-6933074FA518}.AppStore|Any CPU.Build.0 = Release|Any CPU
		{FF1777EE-DA0C-414C-9594-6933074FA518}.AppStore|Any CPU.Deploy.0 = Release|Any CPU
		{FF1777EE-DA0C-414C-9594-6933074FA518}.AppStore|ARM.ActiveCfg = Release|Any CPU
		{FF1777EE-DA0C-414C-9594-6933074FA518}.AppStore|ARM.Build.0 = Release|Any CPU
		{FF1777EE-DA0C-414C-9594-6933074FA518}.AppStore|ARM.Deploy.0 = Release|Any CPU
		{FF1777EE-DA0C-414C-9594-6933074FA518}.AppStore|iPhone.ActiveCfg = Release|Any CPU
		{FF1777EE-DA0C-414C-9594-6933074FA518}.AppStore|iPhone.Build.0 = Release|Any CPU
		{FF1777EE-DA0C-414C-9594-6933074FA518}.AppStore|iPhone.Deploy.0 = Release|Any CPU
		{FF1777EE-DA0C-414C-9594-6933074FA518}.AppStore|iPhoneSimulator.ActiveCfg = Release|Any CPU
		{FF1777EE-DA0C-414C-9594-6933074FA518}.AppStore|iPhoneSimulator.Build.0 = Release|Any CPU
		{FF1777EE-DA0C-414C-9594-6933074FA518}.AppStore|iPhoneSimulator.Deploy.0 = Release|Any CPU
		{FF1777EE-DA0C-414C-9594-6933074FA518}.AppStore|x64.ActiveCfg = Release|Any CPU
		{FF1777EE-DA0C-414C-9594-6933074FA518}.AppStore|x64.Build.0 = Release|Any CPU
		{FF1777EE-DA0C-414C-9594-6933074FA518}.AppStore|x64.Deploy.0 = Release|Any CPU
		{FF1777EE-DA0C-414C-9594-6933074FA518}.AppStore|x86.ActiveCfg = Release|Any CPU
		{FF1777EE-DA0C-414C-9594-6933074FA518}.AppStore|x86.Build.0 = Release|Any CPU
		{FF1777EE-DA0C-414C-9594-6933074FA518}.AppStore|x86.Deploy.0 = Release|Any CPU
		{FF1777EE-DA0C-414C-9594-6933074FA518}.Debug|Any CPU.ActiveCfg = Debug|Any CPU
		{FF1777EE-DA0C-414C-9594-6933074FA518}.Debug|Any CPU.Build.0 = Debug|Any CPU
		{FF1777EE-DA0C-414C-9594-6933074FA518}.Debug|Any CPU.Deploy.0 = Debug|Any CPU
		{FF1777EE-DA0C-414C-9594-6933074FA518}.Debug|ARM.ActiveCfg = Debug|Any CPU
		{FF1777EE-DA0C-414C-9594-6933074FA518}.Debug|ARM.Build.0 = Debug|Any CPU
		{FF1777EE-DA0C-414C-9594-6933074FA518}.Debug|ARM.Deploy.0 = Debug|Any CPU
		{FF1777EE-DA0C-414C-9594-6933074FA518}.Debug|iPhone.ActiveCfg = Debug|Any CPU
		{FF1777EE-DA0C-414C-9594-6933074FA518}.Debug|iPhone.Build.0 = Debug|Any CPU
		{FF1777EE-DA0C-414C-9594-6933074FA518}.Debug|iPhone.Deploy.0 = Debug|Any CPU
		{FF1777EE-DA0C-414C-9594-6933074FA518}.Debug|iPhoneSimulator.ActiveCfg = Debug|Any CPU
		{FF1777EE-DA0C-414C-9594-6933074FA518}.Debug|iPhoneSimulator.Build.0 = Debug|Any CPU
		{FF1777EE-DA0C-414C-9594-6933074FA518}.Debug|iPhoneSimulator.Deploy.0 = Debug|Any CPU
		{FF1777EE-DA0C-414C-9594-6933074FA518}.Debug|x64.ActiveCfg = Debug|Any CPU
		{FF1777EE-DA0C-414C-9594-6933074FA518}.Debug|x64.Build.0 = Debug|Any CPU
		{FF1777EE-DA0C-414C-9594-6933074FA518}.Debug|x64.Deploy.0 = Debug|Any CPU
		{FF1777EE-DA0C-414C-9594-6933074FA518}.Debug|x86.ActiveCfg = Debug|Any CPU
		{FF1777EE-DA0C-414C-9594-6933074FA518}.Debug|x86.Build.0 = Debug|Any CPU
		{FF1777EE-DA0C-414C-9594-6933074FA518}.Debug|x86.Deploy.0 = Debug|Any CPU
		{FF1777EE-DA0C-414C-9594-6933074FA518}.Release|Any CPU.ActiveCfg = Release|Any CPU
		{FF1777EE-DA0C-414C-9594-6933074FA518}.Release|Any CPU.Build.0 = Release|Any CPU
		{FF1777EE-DA0C-414C-9594-6933074FA518}.Release|Any CPU.Deploy.0 = Release|Any CPU
		{FF1777EE-DA0C-414C-9594-6933074FA518}.Release|ARM.ActiveCfg = Release|Any CPU
		{FF1777EE-DA0C-414C-9594-6933074FA518}.Release|ARM.Build.0 = Release|Any CPU
		{FF1777EE-DA0C-414C-9594-6933074FA518}.Release|ARM.Deploy.0 = Release|Any CPU
		{FF1777EE-DA0C-414C-9594-6933074FA518}.Release|iPhone.ActiveCfg = Release|Any CPU
		{FF1777EE-DA0C-414C-9594-6933074FA518}.Release|iPhone.Build.0 = Release|Any CPU
		{FF1777EE-DA0C-414C-9594-6933074FA518}.Release|iPhone.Deploy.0 = Release|Any CPU
		{FF1777EE-DA0C-414C-9594-6933074FA518}.Release|iPhoneSimulator.ActiveCfg = Release|Any CPU
		{FF1777EE-DA0C-414C-9594-6933074FA518}.Release|iPhoneSimulator.Build.0 = Release|Any CPU
		{FF1777EE-DA0C-414C-9594-6933074FA518}.Release|iPhoneSimulator.Deploy.0 = Release|Any CPU
		{FF1777EE-DA0C-414C-9594-6933074FA518}.Release|x64.ActiveCfg = Release|Any CPU
		{FF1777EE-DA0C-414C-9594-6933074FA518}.Release|x64.Build.0 = Release|Any CPU
		{FF1777EE-DA0C-414C-9594-6933074FA518}.Release|x64.Deploy.0 = Release|Any CPU
		{FF1777EE-DA0C-414C-9594-6933074FA518}.Release|x86.ActiveCfg = Release|Any CPU
		{FF1777EE-DA0C-414C-9594-6933074FA518}.Release|x86.Build.0 = Release|Any CPU
		{FF1777EE-DA0C-414C-9594-6933074FA518}.Release|x86.Deploy.0 = Release|Any CPU
		{8B810C2D-475F-42E2-9856-047C7044F002}.Ad-Hoc|Any CPU.ActiveCfg = Ad-Hoc|iPhone
		{8B810C2D-475F-42E2-9856-047C7044F002}.Ad-Hoc|ARM.ActiveCfg = Ad-Hoc|iPhone
		{8B810C2D-475F-42E2-9856-047C7044F002}.Ad-Hoc|iPhone.ActiveCfg = Ad-Hoc|iPhone
		{8B810C2D-475F-42E2-9856-047C7044F002}.Ad-Hoc|iPhone.Build.0 = Ad-Hoc|iPhone
		{8B810C2D-475F-42E2-9856-047C7044F002}.Ad-Hoc|iPhoneSimulator.ActiveCfg = Ad-Hoc|iPhoneSimulator
		{8B810C2D-475F-42E2-9856-047C7044F002}.Ad-Hoc|iPhoneSimulator.Build.0 = Ad-Hoc|iPhoneSimulator
		{8B810C2D-475F-42E2-9856-047C7044F002}.Ad-Hoc|x64.ActiveCfg = Ad-Hoc|iPhone
		{8B810C2D-475F-42E2-9856-047C7044F002}.Ad-Hoc|x86.ActiveCfg = Ad-Hoc|iPhone
		{8B810C2D-475F-42E2-9856-047C7044F002}.AppStore|Any CPU.ActiveCfg = AppStore|iPhone
		{8B810C2D-475F-42E2-9856-047C7044F002}.AppStore|ARM.ActiveCfg = AppStore|iPhone
		{8B810C2D-475F-42E2-9856-047C7044F002}.AppStore|iPhone.ActiveCfg = AppStore|iPhone
		{8B810C2D-475F-42E2-9856-047C7044F002}.AppStore|iPhone.Build.0 = AppStore|iPhone
		{8B810C2D-475F-42E2-9856-047C7044F002}.AppStore|iPhoneSimulator.ActiveCfg = AppStore|iPhoneSimulator
		{8B810C2D-475F-42E2-9856-047C7044F002}.AppStore|iPhoneSimulator.Build.0 = AppStore|iPhoneSimulator
		{8B810C2D-475F-42E2-9856-047C7044F002}.AppStore|x64.ActiveCfg = AppStore|iPhone
		{8B810C2D-475F-42E2-9856-047C7044F002}.AppStore|x86.ActiveCfg = AppStore|iPhone
		{8B810C2D-475F-42E2-9856-047C7044F002}.Debug|Any CPU.ActiveCfg = Debug|iPhone
		{8B810C2D-475F-42E2-9856-047C7044F002}.Debug|ARM.ActiveCfg = Debug|iPhone
		{8B810C2D-475F-42E2-9856-047C7044F002}.Debug|iPhone.ActiveCfg = Debug|iPhone
		{8B810C2D-475F-42E2-9856-047C7044F002}.Debug|iPhone.Build.0 = Debug|iPhone
		{8B810C2D-475F-42E2-9856-047C7044F002}.Debug|iPhoneSimulator.ActiveCfg = Debug|iPhoneSimulator
		{8B810C2D-475F-42E2-9856-047C7044F002}.Debug|iPhoneSimulator.Build.0 = Debug|iPhoneSimulator
		{8B810C2D-475F-42E2-9856-047C7044F002}.Debug|x64.ActiveCfg = Debug|iPhone
		{8B810C2D-475F-42E2-9856-047C7044F002}.Debug|x86.ActiveCfg = Debug|iPhone
		{8B810C2D-475F-42E2-9856-047C7044F002}.Release|Any CPU.ActiveCfg = Release|iPhone
		{8B810C2D-475F-42E2-9856-047C7044F002}.Release|ARM.ActiveCfg = Release|iPhone
		{8B810C2D-475F-42E2-9856-047C7044F002}.Release|iPhone.ActiveCfg = Release|iPhone
		{8B810C2D-475F-42E2-9856-047C7044F002}.Release|iPhone.Build.0 = Release|iPhone
		{8B810C2D-475F-42E2-9856-047C7044F002}.Release|iPhoneSimulator.ActiveCfg = Release|iPhoneSimulator
		{8B810C2D-475F-42E2-9856-047C7044F002}.Release|iPhoneSimulator.Build.0 = Release|iPhoneSimulator
		{8B810C2D-475F-42E2-9856-047C7044F002}.Release|x64.ActiveCfg = Release|iPhone
		{8B810C2D-475F-42E2-9856-047C7044F002}.Release|x86.ActiveCfg = Release|iPhone
		{DDF8F262-EB71-4276-8B67-987EB99EA771}.Ad-Hoc|Any CPU.ActiveCfg = Release|x86
		{DDF8F262-EB71-4276-8B67-987EB99EA771}.Ad-Hoc|Any CPU.Build.0 = Release|x86
		{DDF8F262-EB71-4276-8B67-987EB99EA771}.Ad-Hoc|Any CPU.Deploy.0 = Release|x86
		{DDF8F262-EB71-4276-8B67-987EB99EA771}.Ad-Hoc|ARM.ActiveCfg = Release|ARM
		{DDF8F262-EB71-4276-8B67-987EB99EA771}.Ad-Hoc|ARM.Build.0 = Release|ARM
		{DDF8F262-EB71-4276-8B67-987EB99EA771}.Ad-Hoc|ARM.Deploy.0 = Release|ARM
		{DDF8F262-EB71-4276-8B67-987EB99EA771}.Ad-Hoc|iPhone.ActiveCfg = Release|x86
		{DDF8F262-EB71-4276-8B67-987EB99EA771}.Ad-Hoc|iPhone.Build.0 = Release|x86
		{DDF8F262-EB71-4276-8B67-987EB99EA771}.Ad-Hoc|iPhone.Deploy.0 = Release|x86
		{DDF8F262-EB71-4276-8B67-987EB99EA771}.Ad-Hoc|iPhoneSimulator.ActiveCfg = Release|x86
		{DDF8F262-EB71-4276-8B67-987EB99EA771}.Ad-Hoc|iPhoneSimulator.Build.0 = Release|x86
		{DDF8F262-EB71-4276-8B67-987EB99EA771}.Ad-Hoc|iPhoneSimulator.Deploy.0 = Release|x86
		{DDF8F262-EB71-4276-8B67-987EB99EA771}.Ad-Hoc|x64.ActiveCfg = Release|x64
		{DDF8F262-EB71-4276-8B67-987EB99EA771}.Ad-Hoc|x64.Build.0 = Release|x64
		{DDF8F262-EB71-4276-8B67-987EB99EA771}.Ad-Hoc|x64.Deploy.0 = Release|x64
		{DDF8F262-EB71-4276-8B67-987EB99EA771}.Ad-Hoc|x86.ActiveCfg = Release|x86
		{DDF8F262-EB71-4276-8B67-987EB99EA771}.Ad-Hoc|x86.Build.0 = Release|x86
		{DDF8F262-EB71-4276-8B67-987EB99EA771}.Ad-Hoc|x86.Deploy.0 = Release|x86
		{DDF8F262-EB71-4276-8B67-987EB99EA771}.AppStore|Any CPU.ActiveCfg = Release|x86
		{DDF8F262-EB71-4276-8B67-987EB99EA771}.AppStore|Any CPU.Build.0 = Release|x86
		{DDF8F262-EB71-4276-8B67-987EB99EA771}.AppStore|Any CPU.Deploy.0 = Release|x86
		{DDF8F262-EB71-4276-8B67-987EB99EA771}.AppStore|ARM.ActiveCfg = Release|ARM
		{DDF8F262-EB71-4276-8B67-987EB99EA771}.AppStore|ARM.Build.0 = Release|ARM
		{DDF8F262-EB71-4276-8B67-987EB99EA771}.AppStore|ARM.Deploy.0 = Release|ARM
		{DDF8F262-EB71-4276-8B67-987EB99EA771}.AppStore|iPhone.ActiveCfg = Release|x86
		{DDF8F262-EB71-4276-8B67-987EB99EA771}.AppStore|iPhone.Build.0 = Release|x86
		{DDF8F262-EB71-4276-8B67-987EB99EA771}.AppStore|iPhone.Deploy.0 = Release|x86
		{DDF8F262-EB71-4276-8B67-987EB99EA771}.AppStore|iPhoneSimulator.ActiveCfg = Release|x86
		{DDF8F262-EB71-4276-8B67-987EB99EA771}.AppStore|iPhoneSimulator.Build.0 = Release|x86
		{DDF8F262-EB71-4276-8B67-987EB99EA771}.AppStore|iPhoneSimulator.Deploy.0 = Release|x86
		{DDF8F262-EB71-4276-8B67-987EB99EA771}.AppStore|x64.ActiveCfg = Release|x64
		{DDF8F262-EB71-4276-8B67-987EB99EA771}.AppStore|x64.Build.0 = Release|x64
		{DDF8F262-EB71-4276-8B67-987EB99EA771}.AppStore|x64.Deploy.0 = Release|x64
		{DDF8F262-EB71-4276-8B67-987EB99EA771}.AppStore|x86.ActiveCfg = Release|x86
		{DDF8F262-EB71-4276-8B67-987EB99EA771}.AppStore|x86.Build.0 = Release|x86
		{DDF8F262-EB71-4276-8B67-987EB99EA771}.AppStore|x86.Deploy.0 = Release|x86
		{DDF8F262-EB71-4276-8B67-987EB99EA771}.Debug|Any CPU.ActiveCfg = Debug|x86
		{DDF8F262-EB71-4276-8B67-987EB99EA771}.Debug|ARM.ActiveCfg = Debug|ARM
		{DDF8F262-EB71-4276-8B67-987EB99EA771}.Debug|ARM.Build.0 = Debug|ARM
		{DDF8F262-EB71-4276-8B67-987EB99EA771}.Debug|ARM.Deploy.0 = Debug|ARM
		{DDF8F262-EB71-4276-8B67-987EB99EA771}.Debug|iPhone.ActiveCfg = Debug|x86
		{DDF8F262-EB71-4276-8B67-987EB99EA771}.Debug|iPhoneSimulator.ActiveCfg = Debug|x86
		{DDF8F262-EB71-4276-8B67-987EB99EA771}.Debug|x64.ActiveCfg = Debug|x64
		{DDF8F262-EB71-4276-8B67-987EB99EA771}.Debug|x64.Build.0 = Debug|x64
		{DDF8F262-EB71-4276-8B67-987EB99EA771}.Debug|x64.Deploy.0 = Debug|x64
		{DDF8F262-EB71-4276-8B67-987EB99EA771}.Debug|x86.ActiveCfg = Debug|x86
		{DDF8F262-EB71-4276-8B67-987EB99EA771}.Debug|x86.Build.0 = Debug|x86
		{DDF8F262-EB71-4276-8B67-987EB99EA771}.Debug|x86.Deploy.0 = Debug|x86
		{DDF8F262-EB71-4276-8B67-987EB99EA771}.Release|Any CPU.ActiveCfg = Release|x86
		{DDF8F262-EB71-4276-8B67-987EB99EA771}.Release|ARM.ActiveCfg = Release|ARM
		{DDF8F262-EB71-4276-8B67-987EB99EA771}.Release|ARM.Build.0 = Release|ARM
		{DDF8F262-EB71-4276-8B67-987EB99EA771}.Release|ARM.Deploy.0 = Release|ARM
		{DDF8F262-EB71-4276-8B67-987EB99EA771}.Release|iPhone.ActiveCfg = Release|x86
		{DDF8F262-EB71-4276-8B67-987EB99EA771}.Release|iPhoneSimulator.ActiveCfg = Release|x86
		{DDF8F262-EB71-4276-8B67-987EB99EA771}.Release|x64.ActiveCfg = Release|x64
		{DDF8F262-EB71-4276-8B67-987EB99EA771}.Release|x64.Build.0 = Release|x64
		{DDF8F262-EB71-4276-8B67-987EB99EA771}.Release|x64.Deploy.0 = Release|x64
		{DDF8F262-EB71-4276-8B67-987EB99EA771}.Release|x86.ActiveCfg = Release|x86
		{DDF8F262-EB71-4276-8B67-987EB99EA771}.Release|x86.Build.0 = Release|x86
		{DDF8F262-EB71-4276-8B67-987EB99EA771}.Release|x86.Deploy.0 = Release|x86
		{F7D02BBB-431E-4B4F-82F0-49A3D429F2EA}.Ad-Hoc|Any CPU.ActiveCfg = Debug|Any CPU
		{F7D02BBB-431E-4B4F-82F0-49A3D429F2EA}.Ad-Hoc|Any CPU.Build.0 = Debug|Any CPU
		{F7D02BBB-431E-4B4F-82F0-49A3D429F2EA}.Ad-Hoc|ARM.ActiveCfg = Debug|Any CPU
		{F7D02BBB-431E-4B4F-82F0-49A3D429F2EA}.Ad-Hoc|ARM.Build.0 = Debug|Any CPU
		{F7D02BBB-431E-4B4F-82F0-49A3D429F2EA}.Ad-Hoc|iPhone.ActiveCfg = Debug|Any CPU
		{F7D02BBB-431E-4B4F-82F0-49A3D429F2EA}.Ad-Hoc|iPhone.Build.0 = Debug|Any CPU
		{F7D02BBB-431E-4B4F-82F0-49A3D429F2EA}.Ad-Hoc|iPhoneSimulator.ActiveCfg = Debug|Any CPU
		{F7D02BBB-431E-4B4F-82F0-49A3D429F2EA}.Ad-Hoc|iPhoneSimulator.Build.0 = Debug|Any CPU
		{F7D02BBB-431E-4B4F-82F0-49A3D429F2EA}.Ad-Hoc|x64.ActiveCfg = Debug|Any CPU
		{F7D02BBB-431E-4B4F-82F0-49A3D429F2EA}.Ad-Hoc|x64.Build.0 = Debug|Any CPU
		{F7D02BBB-431E-4B4F-82F0-49A3D429F2EA}.Ad-Hoc|x86.ActiveCfg = Debug|Any CPU
		{F7D02BBB-431E-4B4F-82F0-49A3D429F2EA}.Ad-Hoc|x86.Build.0 = Debug|Any CPU
		{F7D02BBB-431E-4B4F-82F0-49A3D429F2EA}.AppStore|Any CPU.ActiveCfg = Debug|Any CPU
		{F7D02BBB-431E-4B4F-82F0-49A3D429F2EA}.AppStore|Any CPU.Build.0 = Debug|Any CPU
		{F7D02BBB-431E-4B4F-82F0-49A3D429F2EA}.AppStore|ARM.ActiveCfg = Debug|Any CPU
		{F7D02BBB-431E-4B4F-82F0-49A3D429F2EA}.AppStore|ARM.Build.0 = Debug|Any CPU
		{F7D02BBB-431E-4B4F-82F0-49A3D429F2EA}.AppStore|iPhone.ActiveCfg = Debug|Any CPU
		{F7D02BBB-431E-4B4F-82F0-49A3D429F2EA}.AppStore|iPhone.Build.0 = Debug|Any CPU
		{F7D02BBB-431E-4B4F-82F0-49A3D429F2EA}.AppStore|iPhoneSimulator.ActiveCfg = Debug|Any CPU
		{F7D02BBB-431E-4B4F-82F0-49A3D429F2EA}.AppStore|iPhoneSimulator.Build.0 = Debug|Any CPU
		{F7D02BBB-431E-4B4F-82F0-49A3D429F2EA}.AppStore|x64.ActiveCfg = Debug|Any CPU
		{F7D02BBB-431E-4B4F-82F0-49A3D429F2EA}.AppStore|x64.Build.0 = Debug|Any CPU
		{F7D02BBB-431E-4B4F-82F0-49A3D429F2EA}.AppStore|x86.ActiveCfg = Debug|Any CPU
		{F7D02BBB-431E-4B4F-82F0-49A3D429F2EA}.AppStore|x86.Build.0 = Debug|Any CPU
		{F7D02BBB-431E-4B4F-82F0-49A3D429F2EA}.Debug|Any CPU.ActiveCfg = Debug|Any CPU
		{F7D02BBB-431E-4B4F-82F0-49A3D429F2EA}.Debug|Any CPU.Build.0 = Debug|Any CPU
		{F7D02BBB-431E-4B4F-82F0-49A3D429F2EA}.Debug|ARM.ActiveCfg = Debug|Any CPU
		{F7D02BBB-431E-4B4F-82F0-49A3D429F2EA}.Debug|ARM.Build.0 = Debug|Any CPU
		{F7D02BBB-431E-4B4F-82F0-49A3D429F2EA}.Debug|iPhone.ActiveCfg = Debug|Any CPU
		{F7D02BBB-431E-4B4F-82F0-49A3D429F2EA}.Debug|iPhone.Build.0 = Debug|Any CPU
		{F7D02BBB-431E-4B4F-82F0-49A3D429F2EA}.Debug|iPhoneSimulator.ActiveCfg = Debug|Any CPU
		{F7D02BBB-431E-4B4F-82F0-49A3D429F2EA}.Debug|iPhoneSimulator.Build.0 = Debug|Any CPU
		{F7D02BBB-431E-4B4F-82F0-49A3D429F2EA}.Debug|x64.ActiveCfg = Debug|Any CPU
		{F7D02BBB-431E-4B4F-82F0-49A3D429F2EA}.Debug|x64.Build.0 = Debug|Any CPU
		{F7D02BBB-431E-4B4F-82F0-49A3D429F2EA}.Debug|x86.ActiveCfg = Debug|Any CPU
		{F7D02BBB-431E-4B4F-82F0-49A3D429F2EA}.Debug|x86.Build.0 = Debug|Any CPU
		{F7D02BBB-431E-4B4F-82F0-49A3D429F2EA}.Release|Any CPU.ActiveCfg = Release|Any CPU
		{F7D02BBB-431E-4B4F-82F0-49A3D429F2EA}.Release|Any CPU.Build.0 = Release|Any CPU
		{F7D02BBB-431E-4B4F-82F0-49A3D429F2EA}.Release|ARM.ActiveCfg = Release|Any CPU
		{F7D02BBB-431E-4B4F-82F0-49A3D429F2EA}.Release|ARM.Build.0 = Release|Any CPU
		{F7D02BBB-431E-4B4F-82F0-49A3D429F2EA}.Release|iPhone.ActiveCfg = Release|Any CPU
		{F7D02BBB-431E-4B4F-82F0-49A3D429F2EA}.Release|iPhone.Build.0 = Release|Any CPU
		{F7D02BBB-431E-4B4F-82F0-49A3D429F2EA}.Release|iPhoneSimulator.ActiveCfg = Release|Any CPU
		{F7D02BBB-431E-4B4F-82F0-49A3D429F2EA}.Release|iPhoneSimulator.Build.0 = Release|Any CPU
		{F7D02BBB-431E-4B4F-82F0-49A3D429F2EA}.Release|x64.ActiveCfg = Release|Any CPU
		{F7D02BBB-431E-4B4F-82F0-49A3D429F2EA}.Release|x64.Build.0 = Release|Any CPU
		{F7D02BBB-431E-4B4F-82F0-49A3D429F2EA}.Release|x86.ActiveCfg = Release|Any CPU
		{F7D02BBB-431E-4B4F-82F0-49A3D429F2EA}.Release|x86.Build.0 = Release|Any CPU
	EndGlobalSection
	GlobalSection(SolutionProperties) = preSolution
		HideSolutionNode = FALSE
	EndGlobalSection
	GlobalSection(ExtensibilityGlobals) = postSolution
		SolutionGuid = {524233F8-15FA-4DA7-B94D-DB97777EAC18}
	EndGlobalSection
EndGlobal
